
Microsoft Visual Studio Solution File, Format Version 12.00
# Visual Studio 15
VisualStudioVersion = 15.0.28307.1231
MinimumVisualStudioVersion = 10.0.40219.1
Project("{FAE04EC0-301F-11D3-BF4B-00C04F79EFBC}") = "Graph", "Graph\Graph.csproj", "{7ECB4591-0528-49FE-BE14-678909291D03}"
EndProject
Project("{FAE04EC0-301F-11D3-BF4B-00C04F79EFBC}") = "GraphDFS", "GraphDFS\GraphDFS.csproj", "{A13BF7BB-BDB1-45C9-8A01-35F09589145E}"
EndProject
Project("{FAE04EC0-301F-11D3-BF4B-00C04F79EFBC}") = "GraphBFS", "GraphBFS\GraphBFS.csproj", "{C4401216-FC7F-4344-B064-9D5422EB215D}"
EndProject
Project("{FAE04EC0-301F-11D3-BF4B-00C04F79EFBC}") = "Hamilton", "Hamilton\Hamilton.csproj", "{E62AC4B1-E2CC-49FB-8049-A44A57C88E27}"
EndProject
Project("{FAE04EC0-301F-11D3-BF4B-00C04F79EFBC}") = "GraphWeighted", "GraphWeighted\GraphWeighted.csproj", "{C35442F9-EE1B-4CBA-82F5-ED2A61969B5C}"
EndProject
Project("{FAE04EC0-301F-11D3-BF4B-00C04F79EFBC}") = "ShortestPath", "ShortestPath\ShortestPath.csproj", "{CA01EA39-FA73-4B8F-A339-368D7ACADE6B}"
EndProject
Project("{FAE04EC0-301F-11D3-BF4B-00C04F79EFBC}") = "DirectedGraph", "DirectedGraph\DirectedGraph.csproj", "{389E2B7F-E052-4D91-85C4-16298C9899AC}"
EndProject
Global
	GlobalSection(SolutionConfigurationPlatforms) = preSolution
		Debug|Any CPU = Debug|Any CPU
		Release|Any CPU = Release|Any CPU
	EndGlobalSection
	GlobalSection(ProjectConfigurationPlatforms) = postSolution
		{7ECB4591-0528-49FE-BE14-678909291D03}.Debug|Any CPU.ActiveCfg = Debug|Any CPU
		{7ECB4591-0528-49FE-BE14-678909291D03}.Debug|Any CPU.Build.0 = Debug|Any CPU
		{7ECB4591-0528-49FE-BE14-678909291D03}.Release|Any CPU.ActiveCfg = Release|Any CPU
		{7ECB4591-0528-49FE-BE14-678909291D03}.Release|Any CPU.Build.0 = Release|Any CPU
		{A13BF7BB-BDB1-45C9-8A01-35F09589145E}.Debug|Any CPU.ActiveCfg = Debug|Any CPU
		{A13BF7BB-BDB1-45C9-8A01-35F09589145E}.Debug|Any CPU.Build.0 = Debug|Any CPU
		{A13BF7BB-BDB1-45C9-8A01-35F09589145E}.Release|Any CPU.ActiveCfg = Release|Any CPU
		{A13BF7BB-BDB1-45C9-8A01-35F09589145E}.Release|Any CPU.Build.0 = Release|Any CPU
		{C4401216-FC7F-4344-B064-9D5422EB215D}.Debug|Any CPU.ActiveCfg = Debug|Any CPU
		{C4401216-FC7F-4344-B064-9D5422EB215D}.Debug|Any CPU.Build.0 = Debug|Any CPU
		{C4401216-FC7F-4344-B064-9D5422EB215D}.Release|Any CPU.ActiveCfg = Release|Any CPU
		{C4401216-FC7F-4344-B064-9D5422EB215D}.Release|Any CPU.Build.0 = Release|Any CPU
		{E62AC4B1-E2CC-49FB-8049-A44A57C88E27}.Debug|Any CPU.ActiveCfg = Debug|Any CPU
		{E62AC4B1-E2CC-49FB-8049-A44A57C88E27}.Debug|Any CPU.Build.0 = Debug|Any CPU
		{E62AC4B1-E2CC-49FB-8049-A44A57C88E27}.Release|Any CPU.ActiveCfg = Release|Any CPU
		{E62AC4B1-E2CC-49FB-8049-A44A57C88E27}.Release|Any CPU.Build.0 = Release|Any CPU
		{C35442F9-EE1B-4CBA-82F5-ED2A61969B5C}.Debug|Any CPU.ActiveCfg = Debug|Any CPU
		{C35442F9-EE1B-4CBA-82F5-ED2A61969B5C}.Debug|Any CPU.Build.0 = Debug|Any CPU
		{C35442F9-EE1B-4CBA-82F5-ED2A61969B5C}.Release|Any CPU.ActiveCfg = Release|Any CPU
		{C35442F9-EE1B-4CBA-82F5-ED2A61969B5C}.Release|Any CPU.Build.0 = Release|Any CPU
		{CA01EA39-FA73-4B8F-A339-368D7ACADE6B}.Debug|Any CPU.ActiveCfg = Debug|Any CPU
		{CA01EA39-FA73-4B8F-A339-368D7ACADE6B}.Debug|Any CPU.Build.0 = Debug|Any CPU
		{CA01EA39-FA73-4B8F-A339-368D7ACADE6B}.Release|Any CPU.ActiveCfg = Release|Any CPU
		{CA01EA39-FA73-4B8F-A339-368D7ACADE6B}.Release|Any CPU.Build.0 = Release|Any CPU
		{389E2B7F-E052-4D91-85C4-16298C9899AC}.Debug|Any CPU.ActiveCfg = Debug|Any CPU
		{389E2B7F-E052-4D91-85C4-16298C9899AC}.Debug|Any CPU.Build.0 = Debug|Any CPU
		{389E2B7F-E052-4D91-85C4-16298C9899AC}.Release|Any CPU.ActiveCfg = Release|Any CPU
		{389E2B7F-E052-4D91-85C4-16298C9899AC}.Release|Any CPU.Build.0 = Release|Any CPU
	EndGlobalSection
	GlobalSection(SolutionProperties) = preSolution
		HideSolutionNode = FALSE
	EndGlobalSection
	GlobalSection(ExtensibilityGlobals) = postSolution
		SolutionGuid = {8D7A6BCA-A8E6-4839-8169-10F6D9C110F7}
	EndGlobalSection
EndGlobal
